// !$*UTF8*$!
{
	archiveVersion = 1;
	classes = {
	};
	objectVersion = 46;
	objects = {

/* Begin PBXBuildFile section */
		865FB8F81A1815C900E05448 /* gear.png in Resources */ = {isa = PBXBuildFile; fileRef = 865FB8DC1A1815C900E05448 /* gear.png */; };
		865FB8F91A1815C900E05448 /* hourglass.png in Resources */ = {isa = PBXBuildFile; fileRef = 865FB8DD1A1815C900E05448 /* hourglass.png */; };
		865FB8FA1A1815C900E05448 /* hourglass0.png in Resources */ = {isa = PBXBuildFile; fileRef = 865FB8DF1A1815C900E05448 /* hourglass0.png */; };
		865FB8FB1A1815C900E05448 /* hourglass1.png in Resources */ = {isa = PBXBuildFile; fileRef = 865FB8E01A1815C900E05448 /* hourglass1.png */; };
		865FB8FC1A1815C900E05448 /* hourglass10.png in Resources */ = {isa = PBXBuildFile; fileRef = 865FB8E11A1815C900E05448 /* hourglass10.png */; };
		865FB8FD1A1815C900E05448 /* hourglass11.png in Resources */ = {isa = PBXBuildFile; fileRef = 865FB8E21A1815C900E05448 /* hourglass11.png */; };
		865FB8FE1A1815C900E05448 /* hourglass12.png in Resources */ = {isa = PBXBuildFile; fileRef = 865FB8E31A1815C900E05448 /* hourglass12.png */; };
		865FB8FF1A1815C900E05448 /* hourglass13.png in Resources */ = {isa = PBXBuildFile; fileRef = 865FB8E41A1815C900E05448 /* hourglass13.png */; };
		865FB9001A1815C900E05448 /* hourglass14.png in Resources */ = {isa = PBXBuildFile; fileRef = 865FB8E51A1815C900E05448 /* hourglass14.png */; };
		865FB9011A1815C900E05448 /* hourglass15.png in Resources */ = {isa = PBXBuildFile; fileRef = 865FB8E61A1815C900E05448 /* hourglass15.png */; };
		865FB9021A1815C900E05448 /* hourglass16.png in Resources */ = {isa = PBXBuildFile; fileRef = 865FB8E71A1815C900E05448 /* hourglass16.png */; };
		865FB9031A1815C900E05448 /* hourglass17.png in Resources */ = {isa = PBXBuildFile; fileRef = 865FB8E81A1815C900E05448 /* hourglass17.png */; };
		865FB9041A1815C900E05448 /* hourglass18.png in Resources */ = {isa = PBXBuildFile; fileRef = 865FB8E91A1815C900E05448 /* hourglass18.png */; };
		865FB9051A1815C900E05448 /* hourglass19.png in Resources */ = {isa = PBXBuildFile; fileRef = 865FB8EA1A1815C900E05448 /* hourglass19.png */; };
		865FB9061A1815C900E05448 /* hourglass2.png in Resources */ = {isa = PBXBuildFile; fileRef = 865FB8EB1A1815C900E05448 /* hourglass2.png */; };
		865FB9071A1815C900E05448 /* hourglass20.png in Resources */ = {isa = PBXBuildFile; fileRef = 865FB8EC1A1815C900E05448 /* hourglass20.png */; };
		865FB9081A1815C900E05448 /* hourglass21.png in Resources */ = {isa = PBXBuildFile; fileRef = 865FB8ED1A1815C900E05448 /* hourglass21.png */; };
		865FB9091A1815C900E05448 /* hourglass22.png in Resources */ = {isa = PBXBuildFile; fileRef = 865FB8EE1A1815C900E05448 /* hourglass22.png */; };
		865FB90A1A1815C900E05448 /* hourglass23.png in Resources */ = {isa = PBXBuildFile; fileRef = 865FB8EF1A1815C900E05448 /* hourglass23.png */; };
		865FB90B1A1815C900E05448 /* hourglass3.png in Resources */ = {isa = PBXBuildFile; fileRef = 865FB8F01A1815C900E05448 /* hourglass3.png */; };
		865FB90C1A1815C900E05448 /* hourglass4.png in Resources */ = {isa = PBXBuildFile; fileRef = 865FB8F11A1815C900E05448 /* hourglass4.png */; };
		865FB90D1A1815C900E05448 /* hourglass5.png in Resources */ = {isa = PBXBuildFile; fileRef = 865FB8F21A1815C900E05448 /* hourglass5.png */; };
		865FB90E1A1815C900E05448 /* hourglass6.png in Resources */ = {isa = PBXBuildFile; fileRef = 865FB8F31A1815C900E05448 /* hourglass6.png */; };
		865FB90F1A1815C900E05448 /* hourglass7.png in Resources */ = {isa = PBXBuildFile; fileRef = 865FB8F41A1815C900E05448 /* hourglass7.png */; };
		865FB9101A1815C900E05448 /* hourglass8.png in Resources */ = {isa = PBXBuildFile; fileRef = 865FB8F51A1815C900E05448 /* hourglass8.png */; };
		865FB9111A1815C900E05448 /* hourglass9.png in Resources */ = {isa = PBXBuildFile; fileRef = 865FB8F61A1815C900E05448 /* hourglass9.png */; };
		865FB9121A1815C900E05448 /* white.png in Resources */ = {isa = PBXBuildFile; fileRef = 865FB8F71A1815C900E05448 /* white.png */; };
		866E31C119FAACFF001212AD /* LaunchScreen.xib in Resources */ = {isa = PBXBuildFile; fileRef = 866E31BF19FAACFF001212AD /* LaunchScreen.xib */; };
		866E31CD19FAACFF001212AD /* Worthwhile_3_0Tests.swift in Sources */ = {isa = PBXBuildFile; fileRef = 866E31CC19FAACFF001212AD /* Worthwhile_3_0Tests.swift */; };
		866E31E219FAAD26001212AD /* LaunchScreen.xib in Resources */ = {isa = PBXBuildFile; fileRef = 866E31DA19FAAD26001212AD /* LaunchScreen.xib */; };
		866E31E319FAAD26001212AD /* Main.storyboard in Resources */ = {isa = PBXBuildFile; fileRef = 866E31DC19FAAD26001212AD /* Main.storyboard */; };
		866E31E419FAAD26001212AD /* Images.xcassets in Resources */ = {isa = PBXBuildFile; fileRef = 866E31DE19FAAD26001212AD /* Images.xcassets */; };
		86888CDF1A34AB59005BE7B3 /* AppDelegate.swift in Sources */ = {isa = PBXBuildFile; fileRef = 86888CDD1A34AB59005BE7B3 /* AppDelegate.swift */; };
		86888CE01A34AB59005BE7B3 /* ViewController.swift in Sources */ = {isa = PBXBuildFile; fileRef = 86888CDE1A34AB59005BE7B3 /* ViewController.swift */; };
		86888CE31A34B1B4005BE7B3 /* Main.storyboard in Resources */ = {isa = PBXBuildFile; fileRef = 86888CE11A34B1B4005BE7B3 /* Main.storyboard */; };
		86888CE71A34B1DC005BE7B3 /* Info.plist in Resources */ = {isa = PBXBuildFile; fileRef = 86888CE61A34B1DC005BE7B3 /* Info.plist */; };
/* End PBXBuildFile section */

/* Begin PBXContainerItemProxy section */
		866E31C719FAACFF001212AD /* PBXContainerItemProxy */ = {
			isa = PBXContainerItemProxy;
			containerPortal = 866E31A919FAACFF001212AD /* Project object */;
			proxyType = 1;
			remoteGlobalIDString = 866E31B019FAACFF001212AD;
			remoteInfo = "Worthwhile 3.0";
		};
/* End PBXContainerItemProxy section */

/* Begin PBXFileReference section */
		865FB8DC1A1815C900E05448 /* gear.png */ = {isa = PBXFileReference; lastKnownFileType = image.png; path = gear.png; sourceTree = "<group>"; };
		865FB8DD1A1815C900E05448 /* hourglass.png */ = {isa = PBXFileReference; lastKnownFileType = image.png; path = hourglass.png; sourceTree = "<group>"; };
		865FB8DF1A1815C900E05448 /* hourglass0.png */ = {isa = PBXFileReference; lastKnownFileType = image.png; path = hourglass0.png; sourceTree = "<group>"; };
		865FB8E01A1815C900E05448 /* hourglass1.png */ = {isa = PBXFileReference; lastKnownFileType = image.png; path = hourglass1.png; sourceTree = "<group>"; };
		865FB8E11A1815C900E05448 /* hourglass10.png */ = {isa = PBXFileReference; lastKnownFileType = image.png; path = hourglass10.png; sourceTree = "<group>"; };
		865FB8E21A1815C900E05448 /* hourglass11.png */ = {isa = PBXFileReference; lastKnownFileType = image.png; path = hourglass11.png; sourceTree = "<group>"; };
		865FB8E31A1815C900E05448 /* hourglass12.png */ = {isa = PBXFileReference; lastKnownFileType = image.png; path = hourglass12.png; sourceTree = "<group>"; };
		865FB8E41A1815C900E05448 /* hourglass13.png */ = {isa = PBXFileReference; lastKnownFileType = image.png; path = hourglass13.png; sourceTree = "<group>"; };
		865FB8E51A1815C900E05448 /* hourglass14.png */ = {isa = PBXFileReference; lastKnownFileType = image.png; path = hourglass14.png; sourceTree = "<group>"; };
		865FB8E61A1815C900E05448 /* hourglass15.png */ = {isa = PBXFileReference; lastKnownFileType = image.png; path = hourglass15.png; sourceTree = "<group>"; };
		865FB8E71A1815C900E05448 /* hourglass16.png */ = {isa = PBXFileReference; lastKnownFileType = image.png; path = hourglass16.png; sourceTree = "<group>"; };
		865FB8E81A1815C900E05448 /* hourglass17.png */ = {isa = PBXFileReference; lastKnownFileType = image.png; path = hourglass17.png; sourceTree = "<group>"; };
		865FB8E91A1815C900E05448 /* hourglass18.png */ = {isa = PBXFileReference; lastKnownFileType = image.png; path = hourglass18.png; sourceTree = "<group>"; };
		865FB8EA1A1815C900E05448 /* hourglass19.png */ = {isa = PBXFileReference; lastKnownFileType = image.png; path = hourglass19.png; sourceTree = "<group>"; };
		865FB8EB1A1815C900E05448 /* hourglass2.png */ = {isa = PBXFileReference; lastKnownFileType = image.png; path = hourglass2.png; sourceTree = "<group>"; };
		865FB8EC1A1815C900E05448 /* hourglass20.png */ = {isa = PBXFileReference; lastKnownFileType = image.png; path = hourglass20.png; sourceTree = "<group>"; };
		865FB8ED1A1815C900E05448 /* hourglass21.png */ = {isa = PBXFileReference; lastKnownFileType = image.png; path = hourglass21.png; sourceTree = "<group>"; };
		865FB8EE1A1815C900E05448 /* hourglass22.png */ = {isa = PBXFileReference; lastKnownFileType = image.png; path = hourglass22.png; sourceTree = "<group>"; };
		865FB8EF1A1815C900E05448 /* hourglass23.png */ = {isa = PBXFileReference; lastKnownFileType = image.png; path = hourglass23.png; sourceTree = "<group>"; };
		865FB8F01A1815C900E05448 /* hourglass3.png */ = {isa = PBXFileReference; lastKnownFileType = image.png; path = hourglass3.png; sourceTree = "<group>"; };
		865FB8F11A1815C900E05448 /* hourglass4.png */ = {isa = PBXFileReference; lastKnownFileType = image.png; path = hourglass4.png; sourceTree = "<group>"; };
		865FB8F21A1815C900E05448 /* hourglass5.png */ = {isa = PBXFileReference; lastKnownFileType = image.png; path = hourglass5.png; sourceTree = "<group>"; };
		865FB8F31A1815C900E05448 /* hourglass6.png */ = {isa = PBXFileReference; lastKnownFileType = image.png; path = hourglass6.png; sourceTree = "<group>"; };
		865FB8F41A1815C900E05448 /* hourglass7.png */ = {isa = PBXFileReference; lastKnownFileType = image.png; path = hourglass7.png; sourceTree = "<group>"; };
		865FB8F51A1815C900E05448 /* hourglass8.png */ = {isa = PBXFileReference; lastKnownFileType = image.png; path = hourglass8.png; sourceTree = "<group>"; };
		865FB8F61A1815C900E05448 /* hourglass9.png */ = {isa = PBXFileReference; lastKnownFileType = image.png; path = hourglass9.png; sourceTree = "<group>"; };
		865FB8F71A1815C900E05448 /* white.png */ = {isa = PBXFileReference; lastKnownFileType = image.png; path = white.png; sourceTree = "<group>"; };
		866E31B119FAACFF001212AD /* Worthwhile 3.0.app */ = {isa = PBXFileReference; explicitFileType = wrapper.application; includeInIndex = 0; path = "Worthwhile 3.0.app"; sourceTree = BUILT_PRODUCTS_DIR; };
		866E31B519FAACFF001212AD /* Info.plist */ = {isa = PBXFileReference; lastKnownFileType = text.plist.xml; path = Info.plist; sourceTree = "<group>"; };
		866E31C019FAACFF001212AD /* Base */ = {isa = PBXFileReference; lastKnownFileType = file.xib; name = Base; path = Base.lproj/LaunchScreen.xib; sourceTree = "<group>"; };
		866E31C619FAACFF001212AD /* Worthwhile 3.0Tests.xctest */ = {isa = PBXFileReference; explicitFileType = wrapper.cfbundle; includeInIndex = 0; path = "Worthwhile 3.0Tests.xctest"; sourceTree = BUILT_PRODUCTS_DIR; };
		866E31CB19FAACFF001212AD /* Info.plist */ = {isa = PBXFileReference; lastKnownFileType = text.plist.xml; path = Info.plist; sourceTree = "<group>"; };
		866E31CC19FAACFF001212AD /* Worthwhile_3_0Tests.swift */ = {isa = PBXFileReference; lastKnownFileType = sourcecode.swift; path = Worthwhile_3_0Tests.swift; sourceTree = "<group>"; };
		866E31DB19FAAD26001212AD /* Base */ = {isa = PBXFileReference; lastKnownFileType = file.xib; name = Base; path = LaunchScreen.xib; sourceTree = "<group>"; };
		866E31DD19FAAD26001212AD /* Base */ = {isa = PBXFileReference; lastKnownFileType = file.storyboard; name = Base; path = Main.storyboard; sourceTree = "<group>"; };
		866E31DE19FAAD26001212AD /* Images.xcassets */ = {isa = PBXFileReference; lastKnownFileType = folder.assetcatalog; name = Images.xcassets; path = "../../Fishy App/Fishy App/Images.xcassets"; sourceTree = "<group>"; };
		86888CDC1A34AB59005BE7B3 /* Worthwhile 3.0-Bridging-Header.h */ = {isa = PBXFileReference; lastKnownFileType = sourcecode.c.h; path = "Worthwhile 3.0-Bridging-Header.h"; sourceTree = "<group>"; };
		86888CDD1A34AB59005BE7B3 /* AppDelegate.swift */ = {isa = PBXFileReference; fileEncoding = 4; lastKnownFileType = sourcecode.swift; path = AppDelegate.swift; sourceTree = "<group>"; };
		86888CDE1A34AB59005BE7B3 /* ViewController.swift */ = {isa = PBXFileReference; fileEncoding = 4; lastKnownFileType = sourcecode.swift; path = ViewController.swift; sourceTree = "<group>"; };
		86888CE21A34B1B4005BE7B3 /* Base */ = {isa = PBXFileReference; lastKnownFileType = file.storyboard; name = Base; path = Base.lproj/Main.storyboard; sourceTree = "<group>"; };
		86888CE61A34B1DC005BE7B3 /* Info.plist */ = {isa = PBXFileReference; fileEncoding = 4; lastKnownFileType = text.plist.xml; path = Info.plist; sourceTree = "<group>"; };
/* End PBXFileReference section */

/* Begin PBXFrameworksBuildPhase section */
		866E31AE19FAACFF001212AD /* Frameworks */ = {
			isa = PBXFrameworksBuildPhase;
			buildActionMask = 2147483647;
			files = (
			);
			runOnlyForDeploymentPostprocessing = 0;
		};
		866E31C319FAACFF001212AD /* Frameworks */ = {
			isa = PBXFrameworksBuildPhase;
			buildActionMask = 2147483647;
			files = (
			);
			runOnlyForDeploymentPostprocessing = 0;
		};
/* End PBXFrameworksBuildPhase section */

/* Begin PBXGroup section */
		865FB8DB1A1815C900E05448 /* images */ = {
			isa = PBXGroup;
			children = (
				865FB8DC1A1815C900E05448 /* gear.png */,
				865FB8DD1A1815C900E05448 /* hourglass.png */,
				865FB8DE1A1815C900E05448 /* retry */,
				865FB8F71A1815C900E05448 /* white.png */,
			);
			path = images;
			sourceTree = "<group>";
		};
		865FB8DE1A1815C900E05448 /* retry */ = {
			isa = PBXGroup;
			children = (
				865FB8DF1A1815C900E05448 /* hourglass0.png */,
				865FB8E01A1815C900E05448 /* hourglass1.png */,
				865FB8E11A1815C900E05448 /* hourglass10.png */,
				865FB8E21A1815C900E05448 /* hourglass11.png */,
				865FB8E31A1815C900E05448 /* hourglass12.png */,
				865FB8E41A1815C900E05448 /* hourglass13.png */,
				865FB8E51A1815C900E05448 /* hourglass14.png */,
				865FB8E61A1815C900E05448 /* hourglass15.png */,
				865FB8E71A1815C900E05448 /* hourglass16.png */,
				865FB8E81A1815C900E05448 /* hourglass17.png */,
				865FB8E91A1815C900E05448 /* hourglass18.png */,
				865FB8EA1A1815C900E05448 /* hourglass19.png */,
				865FB8EB1A1815C900E05448 /* hourglass2.png */,
				865FB8EC1A1815C900E05448 /* hourglass20.png */,
				865FB8ED1A1815C900E05448 /* hourglass21.png */,
				865FB8EE1A1815C900E05448 /* hourglass22.png */,
				865FB8EF1A1815C900E05448 /* hourglass23.png */,
				865FB8F01A1815C900E05448 /* hourglass3.png */,
				865FB8F11A1815C900E05448 /* hourglass4.png */,
				865FB8F21A1815C900E05448 /* hourglass5.png */,
				865FB8F31A1815C900E05448 /* hourglass6.png */,
				865FB8F41A1815C900E05448 /* hourglass7.png */,
				865FB8F51A1815C900E05448 /* hourglass8.png */,
				865FB8F61A1815C900E05448 /* hourglass9.png */,
			);
			path = retry;
			sourceTree = "<group>";
		};
		866E31A819FAACFF001212AD = {
			isa = PBXGroup;
			children = (
				866E31B319FAACFF001212AD /* Worthwhile 3.0 */,
				866E31C919FAACFF001212AD /* Worthwhile 3.0Tests */,
				866E31B219FAACFF001212AD /* Products */,
			);
			sourceTree = "<group>";
		};
		866E31B219FAACFF001212AD /* Products */ = {
			isa = PBXGroup;
			children = (
				866E31B119FAACFF001212AD /* Worthwhile 3.0.app */,
				866E31C619FAACFF001212AD /* Worthwhile 3.0Tests.xctest */,
			);
			name = Products;
			sourceTree = "<group>";
		};
		866E31B319FAACFF001212AD /* Worthwhile 3.0 */ = {
			isa = PBXGroup;
			children = (
				86888CE61A34B1DC005BE7B3 /* Info.plist */,
				86888CDD1A34AB59005BE7B3 /* AppDelegate.swift */,
				86888CDE1A34AB59005BE7B3 /* ViewController.swift */,
				865FB8DB1A1815C900E05448 /* images */,
				866E31D919FAAD26001212AD /* Base.lproj */,
				866E31DE19FAAD26001212AD /* Images.xcassets */,
				86888CE11A34B1B4005BE7B3 /* Main.storyboard */,
				866E31BF19FAACFF001212AD /* LaunchScreen.xib */,
				866E31B419FAACFF001212AD /* Supporting Files */,
				86888CDC1A34AB59005BE7B3 /* Worthwhile 3.0-Bridging-Header.h */,
			);
			path = "Worthwhile 3.0";
			sourceTree = "<group>";
		};
		866E31B419FAACFF001212AD /* Supporting Files */ = {
			isa = PBXGroup;
			children = (
				866E31B519FAACFF001212AD /* Info.plist */,
			);
			name = "Supporting Files";
			sourceTree = "<group>";
		};
		866E31C919FAACFF001212AD /* Worthwhile 3.0Tests */ = {
			isa = PBXGroup;
			children = (
				866E31CC19FAACFF001212AD /* Worthwhile_3_0Tests.swift */,
				866E31CA19FAACFF001212AD /* Supporting Files */,
			);
			path = "Worthwhile 3.0Tests";
			sourceTree = "<group>";
		};
		866E31CA19FAACFF001212AD /* Supporting Files */ = {
			isa = PBXGroup;
			children = (
				866E31CB19FAACFF001212AD /* Info.plist */,
			);
			name = "Supporting Files";
			sourceTree = "<group>";
		};
		866E31D919FAAD26001212AD /* Base.lproj */ = {
			isa = PBXGroup;
			children = (
				866E31DA19FAAD26001212AD /* LaunchScreen.xib */,
				866E31DC19FAAD26001212AD /* Main.storyboard */,
			);
			name = Base.lproj;
			path = "../../Fishy App/Fishy App/Base.lproj";
			sourceTree = "<group>";
		};
/* End PBXGroup section */

/* Begin PBXNativeTarget section */
		866E31B019FAACFF001212AD /* Worthwhile 3.0 */ = {
			isa = PBXNativeTarget;
			buildConfigurationList = 866E31D019FAACFF001212AD /* Build configuration list for PBXNativeTarget "Worthwhile 3.0" */;
			buildPhases = (
				866E31AD19FAACFF001212AD /* Sources */,
				866E31AE19FAACFF001212AD /* Frameworks */,
				866E31AF19FAACFF001212AD /* Resources */,
			);
			buildRules = (
			);
			dependencies = (
			);
			name = "Worthwhile 3.0";
			productName = "Worthwhile 3.0";
			productReference = 866E31B119FAACFF001212AD /* Worthwhile 3.0.app */;
			productType = "com.apple.product-type.application";
		};
		866E31C519FAACFF001212AD /* Worthwhile 3.0Tests */ = {
			isa = PBXNativeTarget;
			buildConfigurationList = 866E31D319FAACFF001212AD /* Build configuration list for PBXNativeTarget "Worthwhile 3.0Tests" */;
			buildPhases = (
				866E31C219FAACFF001212AD /* Sources */,
				866E31C319FAACFF001212AD /* Frameworks */,
				866E31C419FAACFF001212AD /* Resources */,
			);
			buildRules = (
			);
			dependencies = (
				866E31C819FAACFF001212AD /* PBXTargetDependency */,
			);
			name = "Worthwhile 3.0Tests";
			productName = "Worthwhile 3.0Tests";
			productReference = 866E31C619FAACFF001212AD /* Worthwhile 3.0Tests.xctest */;
			productType = "com.apple.product-type.bundle.unit-test";
		};
/* End PBXNativeTarget section */

/* Begin PBXProject section */
		866E31A919FAACFF001212AD /* Project object */ = {
			isa = PBXProject;
			attributes = {
				LastUpgradeCheck = 0610;
				ORGANIZATIONNAME = "Meaningful Apps";
				TargetAttributes = {
					866E31B019FAACFF001212AD = {
						CreatedOnToolsVersion = 6.1;
					};
					866E31C519FAACFF001212AD = {
						CreatedOnToolsVersion = 6.1;
						TestTargetID = 866E31B019FAACFF001212AD;
					};
				};
			};
			buildConfigurationList = 866E31AC19FAACFF001212AD /* Build configuration list for PBXProject "Worthwhile 3.0" */;
			compatibilityVersion = "Xcode 3.2";
			developmentRegion = English;
			hasScannedForEncodings = 0;
			knownRegions = (
				en,
				Base,
			);
			mainGroup = 866E31A819FAACFF001212AD;
			productRefGroup = 866E31B219FAACFF001212AD /* Products */;
			projectDirPath = "";
			projectRoot = "";
			targets = (
				866E31B019FAACFF001212AD /* Worthwhile 3.0 */,
				866E31C519FAACFF001212AD /* Worthwhile 3.0Tests */,
			);
		};
/* End PBXProject section */

/* Begin PBXResourcesBuildPhase section */
		866E31AF19FAACFF001212AD /* Resources */ = {
			isa = PBXResourcesBuildPhase;
			buildActionMask = 2147483647;
			files = (
				865FB8FB1A1815C900E05448 /* hourglass1.png in Resources */,
				865FB90A1A1815C900E05448 /* hourglass23.png in Resources */,
				865FB90B1A1815C900E05448 /* hourglass3.png in Resources */,
				865FB9061A1815C900E05448 /* hourglass2.png in Resources */,
				865FB9081A1815C900E05448 /* hourglass21.png in Resources */,
				865FB90F1A1815C900E05448 /* hourglass7.png in Resources */,
				865FB90D1A1815C900E05448 /* hourglass5.png in Resources */,
				865FB8FE1A1815C900E05448 /* hourglass12.png in Resources */,
				86888CE71A34B1DC005BE7B3 /* Info.plist in Resources */,
				865FB9071A1815C900E05448 /* hourglass20.png in Resources */,
				865FB9101A1815C900E05448 /* hourglass8.png in Resources */,
				865FB9021A1815C900E05448 /* hourglass16.png in Resources */,
				865FB9111A1815C900E05448 /* hourglass9.png in Resources */,
				865FB8FC1A1815C900E05448 /* hourglass10.png in Resources */,
				865FB8FD1A1815C900E05448 /* hourglass11.png in Resources */,
				866E31E219FAAD26001212AD /* LaunchScreen.xib in Resources */,
				865FB8F91A1815C900E05448 /* hourglass.png in Resources */,
				865FB8FA1A1815C900E05448 /* hourglass0.png in Resources */,
				865FB90C1A1815C900E05448 /* hourglass4.png in Resources */,
				865FB9001A1815C900E05448 /* hourglass14.png in Resources */,
				865FB90E1A1815C900E05448 /* hourglass6.png in Resources */,
				865FB9041A1815C900E05448 /* hourglass18.png in Resources */,
				865FB9091A1815C900E05448 /* hourglass22.png in Resources */,
				865FB8FF1A1815C900E05448 /* hourglass13.png in Resources */,
				865FB9031A1815C900E05448 /* hourglass17.png in Resources */,
				865FB8F81A1815C900E05448 /* gear.png in Resources */,
				865FB9011A1815C900E05448 /* hourglass15.png in Resources */,
				86888CE31A34B1B4005BE7B3 /* Main.storyboard in Resources */,
				866E31E419FAAD26001212AD /* Images.xcassets in Resources */,
				866E31E319FAAD26001212AD /* Main.storyboard in Resources */,
				865FB9121A1815C900E05448 /* white.png in Resources */,
				865FB9051A1815C900E05448 /* hourglass19.png in Resources */,
				866E31C119FAACFF001212AD /* LaunchScreen.xib in Resources */,
			);
			runOnlyForDeploymentPostprocessing = 0;
		};
		866E31C419FAACFF001212AD /* Resources */ = {
			isa = PBXResourcesBuildPhase;
			buildActionMask = 2147483647;
			files = (
			);
			runOnlyForDeploymentPostprocessing = 0;
		};
/* End PBXResourcesBuildPhase section */

/* Begin PBXSourcesBuildPhase section */
		866E31AD19FAACFF001212AD /* Sources */ = {
			isa = PBXSourcesBuildPhase;
			buildActionMask = 2147483647;
			files = (
				86888CE01A34AB59005BE7B3 /* ViewController.swift in Sources */,
				86888CDF1A34AB59005BE7B3 /* AppDelegate.swift in Sources */,
			);
			runOnlyForDeploymentPostprocessing = 0;
		};
		866E31C219FAACFF001212AD /* Sources */ = {
			isa = PBXSourcesBuildPhase;
			buildActionMask = 2147483647;
			files = (
				866E31CD19FAACFF001212AD /* Worthwhile_3_0Tests.swift in Sources */,
			);
			runOnlyForDeploymentPostprocessing = 0;
		};
/* End PBXSourcesBuildPhase section */

/* Begin PBXTargetDependency section */
		866E31C819FAACFF001212AD /* PBXTargetDependency */ = {
			isa = PBXTargetDependency;
			target = 866E31B019FAACFF001212AD /* Worthwhile 3.0 */;
			targetProxy = 866E31C719FAACFF001212AD /* PBXContainerItemProxy */;
		};
/* End PBXTargetDependency section */

/* Begin PBXVariantGroup section */
		866E31BF19FAACFF001212AD /* LaunchScreen.xib */ = {
			isa = PBXVariantGroup;
			children = (
				866E31C019FAACFF001212AD /* Base */,
			);
			name = LaunchScreen.xib;
			sourceTree = "<group>";
		};
		866E31DA19FAAD26001212AD /* LaunchScreen.xib */ = {
			isa = PBXVariantGroup;
			children = (
				866E31DB19FAAD26001212AD /* Base */,
			);
			name = LaunchScreen.xib;
			sourceTree = "<group>";
		};
		866E31DC19FAAD26001212AD /* Main.storyboard */ = {
			isa = PBXVariantGroup;
			children = (
				866E31DD19FAAD26001212AD /* Base */,
			);
			name = Main.storyboard;
			sourceTree = "<group>";
		};
		86888CE11A34B1B4005BE7B3 /* Main.storyboard */ = {
			isa = PBXVariantGroup;
			children = (
				86888CE21A34B1B4005BE7B3 /* Base */,
			);
			name = Main.storyboard;
			sourceTree = "<group>";
		};
/* End PBXVariantGroup section */

/* Begin XCBuildConfiguration section */
		866E31CE19FAACFF001212AD /* Debug */ = {
			isa = XCBuildConfiguration;
			buildSettings = {
				ALWAYS_SEARCH_USER_PATHS = NO;
				CLANG_CXX_LANGUAGE_STANDARD = "gnu++0x";
				CLANG_CXX_LIBRARY = "libc++";
				CLANG_ENABLE_MODULES = YES;
				CLANG_ENABLE_OBJC_ARC = YES;
				CLANG_WARN_BOOL_CONVERSION = YES;
				CLANG_WARN_CONSTANT_CONVERSION = YES;
				CLANG_WARN_DIRECT_OBJC_ISA_USAGE = YES_ERROR;
				CLANG_WARN_EMPTY_BODY = YES;
				CLANG_WARN_ENUM_CONVERSION = YES;
				CLANG_WARN_INT_CONVERSION = YES;
				CLANG_WARN_OBJC_ROOT_CLASS = YES_ERROR;
				CLANG_WARN_UNREACHABLE_CODE = YES;
				CLANG_WARN__DUPLICATE_METHOD_MATCH = YES;
				"CODE_SIGN_IDENTITY[sdk=iphoneos*]" = "iPhone Developer";
				COPY_PHASE_STRIP = NO;
				ENABLE_STRICT_OBJC_MSGSEND = YES;
				GCC_C_LANGUAGE_STANDARD = gnu99;
				GCC_DYNAMIC_NO_PIC = NO;
				GCC_OPTIMIZATION_LEVEL = 0;
				GCC_PREPROCESSOR_DEFINITIONS = (
					"DEBUG=1",
					"$(inherited)",
				);
				GCC_SYMBOLS_PRIVATE_EXTERN = NO;
				GCC_WARN_64_TO_32_BIT_CONVERSION = YES;
				GCC_WARN_ABOUT_RETURN_TYPE = YES_ERROR;
				GCC_WARN_UNDECLARED_SELECTOR = YES;
				GCC_WARN_UNINITIALIZED_AUTOS = YES_AGGRESSIVE;
				GCC_WARN_UNUSED_FUNCTION = YES;
				GCC_WARN_UNUSED_VARIABLE = YES;
				IPHONEOS_DEPLOYMENT_TARGET = 8.1;
				MTL_ENABLE_DEBUG_INFO = YES;
				ONLY_ACTIVE_ARCH = YES;
				SDKROOT = iphoneos;
				SWIFT_OPTIMIZATION_LEVEL = "-Onone";
				TARGETED_DEVICE_FAMILY = "1,2";
			};
			name = Debug;
		};
		866E31CF19FAACFF001212AD /* Release */ = {
			isa = XCBuildConfiguration;
			buildSettings = {
				ALWAYS_SEARCH_USER_PATHS = NO;
				CLANG_CXX_LANGUAGE_STANDARD = "gnu++0x";
				CLANG_CXX_LIBRARY = "libc++";
				CLANG_ENABLE_MODULES = YES;
				CLANG_ENABLE_OBJC_ARC = YES;
				CLANG_WARN_BOOL_CONVERSION = YES;
				CLANG_WARN_CONSTANT_CONVERSION = YES;
				CLANG_WARN_DIRECT_OBJC_ISA_USAGE = YES_ERROR;
				CLANG_WARN_EMPTY_BODY = YES;
				CLANG_WARN_ENUM_CONVERSION = YES;
				CLANG_WARN_INT_CONVERSION = YES;
				CLANG_WARN_OBJC_ROOT_CLASS = YES_ERROR;
				CLANG_WARN_UNREACHABLE_CODE = YES;
				CLANG_WARN__DUPLICATE_METHOD_MATCH = YES;
				"CODE_SIGN_IDENTITY[sdk=iphoneos*]" = "iPhone Developer";
				COPY_PHASE_STRIP = YES;
				ENABLE_NS_ASSERTIONS = NO;
				ENABLE_STRICT_OBJC_MSGSEND = YES;
				GCC_C_LANGUAGE_STANDARD = gnu99;
				GCC_WARN_64_TO_32_BIT_CONVERSION = YES;
				GCC_WARN_ABOUT_RETURN_TYPE = YES_ERROR;
				GCC_WARN_UNDECLARED_SELECTOR = YES;
				GCC_WARN_UNINITIALIZED_AUTOS = YES_AGGRESSIVE;
				GCC_WARN_UNUSED_FUNCTION = YES;
				GCC_WARN_UNUSED_VARIABLE = YES;
				IPHONEOS_DEPLOYMENT_TARGET = 8.1;
				MTL_ENABLE_DEBUG_INFO = NO;
				SDKROOT = iphoneos;
				TARGETED_DEVICE_FAMILY = "1,2";
				VALIDATE_PRODUCT = YES;
			};
			name = Release;
		};
		866E31D119FAACFF001212AD /* Debug */ = {
			isa = XCBuildConfiguration;
			buildSettings = {
				ASSETCATALOG_COMPILER_APPICON_NAME = AppIcon;
				CLANG_ENABLE_MODULES = YES;
				INFOPLIST_FILE = "Worthwhile 3.0/Info.plist";
				LD_RUNPATH_SEARCH_PATHS = "$(inherited) @executable_path/Frameworks";
				PRODUCT_NAME = "$(TARGET_NAME)";
				SWIFT_OBJC_BRIDGING_HEADER = "Worthwhile 3.0/Worthwhile 3.0-Bridging-Header.h";
				SWIFT_OPTIMIZATION_LEVEL = "-Onone";
			};
			name = Debug;
		};
		866E31D219FAACFF001212AD /* Release */ = {
			isa = XCBuildConfiguration;
			buildSettings = {
				ASSETCATALOG_COMPILER_APPICON_NAME = AppIcon;
				CLANG_ENABLE_MODULES = YES;
				INFOPLIST_FILE = "Worthwhile 3.0/Info.plist";
				LD_RUNPATH_SEARCH_PATHS = "$(inherited) @executable_path/Frameworks";
				PRODUCT_NAME = "$(TARGET_NAME)";
				SWIFT_OBJC_BRIDGING_HEADER = "Worthwhile 3.0/Worthwhile 3.0-Bridging-Header.h";
			};
			name = Release;
		};
		866E31D419FAACFF001212AD /* Debug */ = {
			isa = XCBuildConfiguration;
			buildSettings = {
				BUNDLE_LOADER = "$(TEST_HOST)";
				FRAMEWORK_SEARCH_PATHS = (
					"$(SDKROOT)/Developer/Library/Frameworks",
					"$(inherited)",
				);
				GCC_PREPROCESSOR_DEFINITIONS = (
					"DEBUG=1",
					"$(inherited)",
				);
				INFOPLIST_FILE = "Worthwhile 3.0Tests/Info.plist";
				LD_RUNPATH_SEARCH_PATHS = "$(inherited) @executable_path/Frameworks @loader_path/Frameworks";
				PRODUCT_NAME = "$(TARGET_NAME)";
				TEST_HOST = "$(BUILT_PRODUCTS_DIR)/Worthwhile 3.0.app/Worthwhile 3.0";
			};
			name = Debug;
		};
		866E31D519FAACFF001212AD /* Release */ = {
			isa = XCBuildConfiguration;
			buildSettings = {
				BUNDLE_LOADER = "$(TEST_HOST)";
				FRAMEWORK_SEARCH_PATHS = (
					"$(SDKROOT)/Developer/Library/Frameworks",
					"$(inherited)",
				);
				INFOPLIST_FILE = "Worthwhile 3.0Tests/Info.plist";
				LD_RUNPATH_SEARCH_PATHS = "$(inherited) @executable_path/Frameworks @loader_path/Frameworks";
				PRODUCT_NAME = "$(TARGET_NAME)";
				TEST_HOST = "$(BUILT_PRODUCTS_DIR)/Worthwhile 3.0.app/Worthwhile 3.0";
			};
			name = Release;
		};
/* End XCBuildConfiguration section */

/* Begin XCConfigurationList section */
		866E31AC19FAACFF001212AD /* Build configuration list for PBXProject "Worthwhile 3.0" */ = {
			isa = XCConfigurationList;
			buildConfigurations = (
				866E31CE19FAACFF001212AD /* Debug */,
				866E31CF19FAACFF001212AD /* Release */,
			);
			defaultConfigurationIsVisible = 0;
			defaultConfigurationName = Release;
		};
		866E31D019FAACFF001212AD /* Build configuration list for PBXNativeTarget "Worthwhile 3.0" */ = {
			isa = XCConfigurationList;
			buildConfigurations = (
				866E31D119FAACFF001212AD /* Debug */,
				866E31D219FAACFF001212AD /* Release */,
			);
			defaultConfigurationIsVisible = 0;
			defaultConfigurationName = Release;
		};
		866E31D319FAACFF001212AD /* Build configuration list for PBXNativeTarget "Worthwhile 3.0Tests" */ = {
			isa = XCConfigurationList;
			buildConfigurations = (
				866E31D419FAACFF001212AD /* Debug */,
				866E31D519FAACFF001212AD /* Release */,
			);
			defaultConfigurationIsVisible = 0;
			defaultConfigurationName = Release;
		};
/* End XCConfigurationList section */
	};
	rootObject = 866E31A919FAACFF001212AD /* Project object */;
}
